// !$*UTF8*$!
{
	archiveVersion = 1;
	classes = {
	};
	objectVersion = 55;
	objects = {

/* Begin PBXBuildFile section */
		1365F95028BCF1500052A0CC /* ChipView.swift in Sources */ = {isa = PBXBuildFile; fileRef = 1365F94F28BCF1500052A0CC /* ChipView.swift */; };
		137BFF6528B8FD2700318493 /* GameView.swift in Sources */ = {isa = PBXBuildFile; fileRef = 137BFF6428B8FD2700318493 /* GameView.swift */; };
		137BFF6728B8FE1000318493 /* HowToPlayView.swift in Sources */ = {isa = PBXBuildFile; fileRef = 137BFF6628B8FE1000318493 /* HowToPlayView.swift */; };
		138C9D2528BB61910086E68F /* CardView.swift in Sources */ = {isa = PBXBuildFile; fileRef = 138C9D2428BB61910086E68F /* CardView.swift */; };
		13D6AB6A28C76B4B00E93453 /* StackNavigationView.swift in Sources */ = {isa = PBXBuildFile; fileRef = 13D6AB6928C76B4B00E93453 /* StackNavigationView.swift */; };
		13F15CD628C74A4000ABF22B /* Breakbeat-downtempo-electronic-loop.mp3 in Resources */ = {isa = PBXBuildFile; fileRef = 13F15CD528C74A4000ABF22B /* Breakbeat-downtempo-electronic-loop.mp3 */; };
		13F15CD728C74A4000ABF22B /* Breakbeat-downtempo-electronic-loop.mp3 in Resources */ = {isa = PBXBuildFile; fileRef = 13F15CD528C74A4000ABF22B /* Breakbeat-downtempo-electronic-loop.mp3 */; };
		13F15CD928C74AD200ABF22B /* Bossa-nova-beat-music-loop.mp3 in Resources */ = {isa = PBXBuildFile; fileRef = 13F15CD828C74AD200ABF22B /* Bossa-nova-beat-music-loop.mp3 */; };
		13F15CDA28C74AD200ABF22B /* Bossa-nova-beat-music-loop.mp3 in Resources */ = {isa = PBXBuildFile; fileRef = 13F15CD828C74AD200ABF22B /* Bossa-nova-beat-music-loop.mp3 */; };
		13F15CDC28C74DFE00ABF22B /* Waltz-music-loop.mp3 in Resources */ = {isa = PBXBuildFile; fileRef = 13F15CDB28C74DFE00ABF22B /* Waltz-music-loop.mp3 */; };
		13F15CDD28C74DFE00ABF22B /* Waltz-music-loop.mp3 in Resources */ = {isa = PBXBuildFile; fileRef = 13F15CDB28C74DFE00ABF22B /* Waltz-music-loop.mp3 */; };
		13F15CDF28C74F5800ABF22B /* coins.wav in Resources */ = {isa = PBXBuildFile; fileRef = 13F15CDE28C74F5800ABF22B /* coins.wav */; };
		13F15CE028C74F5800ABF22B /* coins.wav in Resources */ = {isa = PBXBuildFile; fileRef = 13F15CDE28C74F5800ABF22B /* coins.wav */; };
		13F15CE228C750AA00ABF22B /* Game-over-loser.mp3 in Resources */ = {isa = PBXBuildFile; fileRef = 13F15CE128C750AA00ABF22B /* Game-over-loser.mp3 */; };
		13F15CE328C750AA00ABF22B /* Game-over-loser.mp3 in Resources */ = {isa = PBXBuildFile; fileRef = 13F15CE128C750AA00ABF22B /* Game-over-loser.mp3 */; };
		13F15CE528C754C600ABF22B /* lose.wav in Resources */ = {isa = PBXBuildFile; fileRef = 13F15CE428C754C600ABF22B /* lose.wav */; };
		13F15CE628C754C600ABF22B /* lose.wav in Resources */ = {isa = PBXBuildFile; fileRef = 13F15CE428C754C600ABF22B /* lose.wav */; };
		13F15CE828C758A400ABF22B /* win.wav in Resources */ = {isa = PBXBuildFile; fileRef = 13F15CE728C758A400ABF22B /* win.wav */; };
		13F15CE928C758A400ABF22B /* win.wav in Resources */ = {isa = PBXBuildFile; fileRef = 13F15CE728C758A400ABF22B /* win.wav */; };
		13F15CEB28C7604E00ABF22B /* draw.mp3 in Resources */ = {isa = PBXBuildFile; fileRef = 13F15CEA28C7604E00ABF22B /* draw.mp3 */; };
		13F15CEC28C7604E00ABF22B /* draw.mp3 in Resources */ = {isa = PBXBuildFile; fileRef = 13F15CEA28C7604E00ABF22B /* draw.mp3 */; };
		13F15CEE28C762BB00ABF22B /* cartoon-loop.mp3 in Resources */ = {isa = PBXBuildFile; fileRef = 13F15CED28C762BB00ABF22B /* cartoon-loop.mp3 */; };
		13F15CEF28C762BB00ABF22B /* cartoon-loop.mp3 in Resources */ = {isa = PBXBuildFile; fileRef = 13F15CED28C762BB00ABF22B /* cartoon-loop.mp3 */; };
		13F5DFB828B79DC900DE87E7 /* BlackjackApp.swift in Sources */ = {isa = PBXBuildFile; fileRef = 13F5DFA828B79DC700DE87E7 /* BlackjackApp.swift */; };
		13F5DFB928B79DC900DE87E7 /* BlackjackApp.swift in Sources */ = {isa = PBXBuildFile; fileRef = 13F5DFA828B79DC700DE87E7 /* BlackjackApp.swift */; };
		13F5DFBA28B79DC900DE87E7 /* ContentView.swift in Sources */ = {isa = PBXBuildFile; fileRef = 13F5DFA928B79DC700DE87E7 /* ContentView.swift */; };
		13F5DFBB28B79DC900DE87E7 /* ContentView.swift in Sources */ = {isa = PBXBuildFile; fileRef = 13F5DFA928B79DC700DE87E7 /* ContentView.swift */; };
		13F5DFBC28B79DC900DE87E7 /* Assets.xcassets in Resources */ = {isa = PBXBuildFile; fileRef = 13F5DFAA28B79DC900DE87E7 /* Assets.xcassets */; };
		13F5DFBD28B79DC900DE87E7 /* Assets.xcassets in Resources */ = {isa = PBXBuildFile; fileRef = 13F5DFAA28B79DC900DE87E7 /* Assets.xcassets */; };
		13F5DFC928B7AD9100DE87E7 /* Modifiers.swift in Sources */ = {isa = PBXBuildFile; fileRef = 13F5DFC828B7AD9100DE87E7 /* Modifiers.swift */; };
		13F5DFCB28B7B16300DE87E7 /* MainMenuView.swift in Sources */ = {isa = PBXBuildFile; fileRef = 13F5DFCA28B7B16300DE87E7 /* MainMenuView.swift */; };
		884BDB1E28BE1A1600C18DD9 /* RoundedButton.swift in Sources */ = {isa = PBXBuildFile; fileRef = 884BDB1D28BE1A1600C18DD9 /* RoundedButton.swift */; };
		8877C36928C513F000FA51A7 /* Utils.swift in Sources */ = {isa = PBXBuildFile; fileRef = 8877C36828C513F000FA51A7 /* Utils.swift */; };
		8877C37428C67AC900FA51A7 /* MainMenuView.swift in Sources */ = {isa = PBXBuildFile; fileRef = 13F5DFCA28B7B16300DE87E7 /* MainMenuView.swift */; };
		8877C37528C67ACB00FA51A7 /* GameView.swift in Sources */ = {isa = PBXBuildFile; fileRef = 137BFF6428B8FD2700318493 /* GameView.swift */; };
		8877C37628C67ACE00FA51A7 /* HowToPlayView.swift in Sources */ = {isa = PBXBuildFile; fileRef = 137BFF6628B8FE1000318493 /* HowToPlayView.swift */; };
		8877C37728C67AD000FA51A7 /* CardView.swift in Sources */ = {isa = PBXBuildFile; fileRef = 138C9D2428BB61910086E68F /* CardView.swift */; };
		8877C37828C67AD400FA51A7 /* ChipView.swift in Sources */ = {isa = PBXBuildFile; fileRef = 1365F94F28BCF1500052A0CC /* ChipView.swift */; };
		8877C37928C67AD700FA51A7 /* RoundedButton.swift in Sources */ = {isa = PBXBuildFile; fileRef = 884BDB1D28BE1A1600C18DD9 /* RoundedButton.swift */; };
		8877C37A28C67ADA00FA51A7 /* HighscoresView.swift in Sources */ = {isa = PBXBuildFile; fileRef = 88F88DA928C2ACF000C6B830 /* HighscoresView.swift */; };
		8877C37B28C67AE300FA51A7 /* Utils.swift in Sources */ = {isa = PBXBuildFile; fileRef = 8877C36828C513F000FA51A7 /* Utils.swift */; };
		8877C37C28C67AE600FA51A7 /* Modifiers.swift in Sources */ = {isa = PBXBuildFile; fileRef = 13F5DFC828B7AD9100DE87E7 /* Modifiers.swift */; };
		8877C38228C682BF00FA51A7 /* Card flip.mp3 in Resources */ = {isa = PBXBuildFile; fileRef = 8877C38128C682BF00FA51A7 /* Card flip.mp3 */; };
		8877C38328C682BF00FA51A7 /* Card flip.mp3 in Resources */ = {isa = PBXBuildFile; fileRef = 8877C38128C682BF00FA51A7 /* Card flip.mp3 */; };
		8877C38828C6896A00FA51A7 /* Arcade music.mp3 in Resources */ = {isa = PBXBuildFile; fileRef = 8877C38728C6896A00FA51A7 /* Arcade music.mp3 */; };
		8877C38928C6896A00FA51A7 /* Arcade music.mp3 in Resources */ = {isa = PBXBuildFile; fileRef = 8877C38728C6896A00FA51A7 /* Arcade music.mp3 */; };
		88F88DAA28C2ACF000C6B830 /* HighscoresView.swift in Sources */ = {isa = PBXBuildFile; fileRef = 88F88DA928C2ACF000C6B830 /* HighscoresView.swift */; };
/* End PBXBuildFile section */

/* Begin PBXFileReference section */
		1365F94F28BCF1500052A0CC /* ChipView.swift */ = {isa = PBXFileReference; lastKnownFileType = sourcecode.swift; path = ChipView.swift; sourceTree = "<group>"; };
		137BFF6428B8FD2700318493 /* GameView.swift */ = {isa = PBXFileReference; lastKnownFileType = sourcecode.swift; path = GameView.swift; sourceTree = "<group>"; };
		137BFF6628B8FE1000318493 /* HowToPlayView.swift */ = {isa = PBXFileReference; lastKnownFileType = sourcecode.swift; path = HowToPlayView.swift; sourceTree = "<group>"; };
		138C9D2428BB61910086E68F /* CardView.swift */ = {isa = PBXFileReference; lastKnownFileType = sourcecode.swift; path = CardView.swift; sourceTree = "<group>"; };
		13D6AB6928C76B4B00E93453 /* StackNavigationView.swift */ = {isa = PBXFileReference; lastKnownFileType = sourcecode.swift; path = StackNavigationView.swift; sourceTree = "<group>"; };
		13F15CD528C74A4000ABF22B /* Breakbeat-downtempo-electronic-loop.mp3 */ = {isa = PBXFileReference; lastKnownFileType = audio.mp3; path = "Breakbeat-downtempo-electronic-loop.mp3"; sourceTree = "<group>"; };
		13F15CD828C74AD200ABF22B /* Bossa-nova-beat-music-loop.mp3 */ = {isa = PBXFileReference; lastKnownFileType = audio.mp3; path = "Bossa-nova-beat-music-loop.mp3"; sourceTree = "<group>"; };
		13F15CDB28C74DFE00ABF22B /* Waltz-music-loop.mp3 */ = {isa = PBXFileReference; lastKnownFileType = audio.mp3; path = "Waltz-music-loop.mp3"; sourceTree = "<group>"; };
		13F15CDE28C74F5800ABF22B /* coins.wav */ = {isa = PBXFileReference; lastKnownFileType = audio.wav; path = coins.wav; sourceTree = "<group>"; };
		13F15CE128C750AA00ABF22B /* Game-over-loser.mp3 */ = {isa = PBXFileReference; lastKnownFileType = audio.mp3; path = "Game-over-loser.mp3"; sourceTree = "<group>"; };
		13F15CE428C754C600ABF22B /* lose.wav */ = {isa = PBXFileReference; lastKnownFileType = audio.wav; path = lose.wav; sourceTree = "<group>"; };
		13F15CE728C758A400ABF22B /* win.wav */ = {isa = PBXFileReference; lastKnownFileType = audio.wav; path = win.wav; sourceTree = "<group>"; };
		13F15CEA28C7604E00ABF22B /* draw.mp3 */ = {isa = PBXFileReference; lastKnownFileType = audio.mp3; path = draw.mp3; sourceTree = "<group>"; };
		13F15CED28C762BB00ABF22B /* cartoon-loop.mp3 */ = {isa = PBXFileReference; lastKnownFileType = audio.mp3; path = "cartoon-loop.mp3"; sourceTree = "<group>"; };
		13F5DFA828B79DC700DE87E7 /* BlackjackApp.swift */ = {isa = PBXFileReference; lastKnownFileType = sourcecode.swift; path = BlackjackApp.swift; sourceTree = "<group>"; };
		13F5DFA928B79DC700DE87E7 /* ContentView.swift */ = {isa = PBXFileReference; lastKnownFileType = sourcecode.swift; path = ContentView.swift; sourceTree = "<group>"; };
		13F5DFAA28B79DC900DE87E7 /* Assets.xcassets */ = {isa = PBXFileReference; lastKnownFileType = folder.assetcatalog; path = Assets.xcassets; sourceTree = "<group>"; };
		13F5DFAF28B79DC900DE87E7 /* Blackjack.app */ = {isa = PBXFileReference; explicitFileType = wrapper.application; includeInIndex = 0; path = Blackjack.app; sourceTree = BUILT_PRODUCTS_DIR; };
		13F5DFB528B79DC900DE87E7 /* Blackjack.app */ = {isa = PBXFileReference; explicitFileType = wrapper.application; includeInIndex = 0; path = Blackjack.app; sourceTree = BUILT_PRODUCTS_DIR; };
		13F5DFB728B79DC900DE87E7 /* macOS.entitlements */ = {isa = PBXFileReference; lastKnownFileType = text.plist.entitlements; path = macOS.entitlements; sourceTree = "<group>"; };
		13F5DFC828B7AD9100DE87E7 /* Modifiers.swift */ = {isa = PBXFileReference; lastKnownFileType = sourcecode.swift; path = Modifiers.swift; sourceTree = "<group>"; };
		13F5DFCA28B7B16300DE87E7 /* MainMenuView.swift */ = {isa = PBXFileReference; lastKnownFileType = sourcecode.swift; path = MainMenuView.swift; sourceTree = "<group>"; };
		884BDB1D28BE1A1600C18DD9 /* RoundedButton.swift */ = {isa = PBXFileReference; lastKnownFileType = sourcecode.swift; path = RoundedButton.swift; sourceTree = "<group>"; };
		8877C36828C513F000FA51A7 /* Utils.swift */ = {isa = PBXFileReference; lastKnownFileType = sourcecode.swift; path = Utils.swift; sourceTree = "<group>"; };
		8877C38128C682BF00FA51A7 /* Card flip.mp3 */ = {isa = PBXFileReference; lastKnownFileType = audio.mp3; path = "Card flip.mp3"; sourceTree = "<group>"; };
		8877C38728C6896A00FA51A7 /* Arcade music.mp3 */ = {isa = PBXFileReference; lastKnownFileType = audio.mp3; path = "Arcade music.mp3"; sourceTree = "<group>"; };
		88F88DA928C2ACF000C6B830 /* HighscoresView.swift */ = {isa = PBXFileReference; lastKnownFileType = sourcecode.swift; path = HighscoresView.swift; sourceTree = "<group>"; };
/* End PBXFileReference section */

/* Begin PBXFrameworksBuildPhase section */
		13F5DFAC28B79DC900DE87E7 /* Frameworks */ = {
			isa = PBXFrameworksBuildPhase;
			buildActionMask = 2147483647;
			files = (
			);
			runOnlyForDeploymentPostprocessing = 0;
		};
		13F5DFB228B79DC900DE87E7 /* Frameworks */ = {
			isa = PBXFrameworksBuildPhase;
			buildActionMask = 2147483647;
			files = (
			);
			runOnlyForDeploymentPostprocessing = 0;
		};
/* End PBXFrameworksBuildPhase section */

/* Begin PBXGroup section */
		13F5DFA228B79DC700DE87E7 = {
			isa = PBXGroup;
			children = (
				13F5DFA728B79DC700DE87E7 /* Shared */,
				13F5DFB628B79DC900DE87E7 /* macOS */,
				13F5DFB028B79DC900DE87E7 /* Products */,
			);
			sourceTree = "<group>";
		};
		13F5DFA728B79DC700DE87E7 /* Shared */ = {
			isa = PBXGroup;
			children = (
				13F5DFA828B79DC700DE87E7 /* BlackjackApp.swift */,
				8877C38028C6829D00FA51A7 /* Sounds */,
				13F5DFC728B7AD7800DE87E7 /* Helpers */,
				13F5DFC628B79E4C00DE87E7 /* View */,
				13F5DFAA28B79DC900DE87E7 /* Assets.xcassets */,
			);
			path = Shared;
			sourceTree = "<group>";
		};
		13F5DFB028B79DC900DE87E7 /* Products */ = {
			isa = PBXGroup;
			children = (
				13F5DFAF28B79DC900DE87E7 /* Blackjack.app */,
				13F5DFB528B79DC900DE87E7 /* Blackjack.app */,
			);
			name = Products;
			sourceTree = "<group>";
		};
		13F5DFB628B79DC900DE87E7 /* macOS */ = {
			isa = PBXGroup;
			children = (
				13F5DFB728B79DC900DE87E7 /* macOS.entitlements */,
			);
			path = macOS;
			sourceTree = "<group>";
		};
		13F5DFC628B79E4C00DE87E7 /* View */ = {
			isa = PBXGroup;
			children = (
				13F5DFA928B79DC700DE87E7 /* ContentView.swift */,
				13F5DFCA28B7B16300DE87E7 /* MainMenuView.swift */,
				137BFF6428B8FD2700318493 /* GameView.swift */,
				137BFF6628B8FE1000318493 /* HowToPlayView.swift */,
				138C9D2428BB61910086E68F /* CardView.swift */,
				1365F94F28BCF1500052A0CC /* ChipView.swift */,
				884BDB1D28BE1A1600C18DD9 /* RoundedButton.swift */,
				88F88DA928C2ACF000C6B830 /* HighscoresView.swift */,
				13D6AB6928C76B4B00E93453 /* StackNavigationView.swift */,
			);
			path = View;
			sourceTree = "<group>";
		};
		13F5DFC728B7AD7800DE87E7 /* Helpers */ = {
			isa = PBXGroup;
			children = (
				13F5DFC828B7AD9100DE87E7 /* Modifiers.swift */,
				8877C36828C513F000FA51A7 /* Utils.swift */,
			);
			path = Helpers;
			sourceTree = "<group>";
		};
		8877C38028C6829D00FA51A7 /* Sounds */ = {
			isa = PBXGroup;
			children = (
				8877C38128C682BF00FA51A7 /* Card flip.mp3 */,
				13F15CD528C74A4000ABF22B /* Breakbeat-downtempo-electronic-loop.mp3 */,
				13F15CD828C74AD200ABF22B /* Bossa-nova-beat-music-loop.mp3 */,
				13F15CDE28C74F5800ABF22B /* coins.wav */,
				13F15CEA28C7604E00ABF22B /* draw.mp3 */,
				13F15CDB28C74DFE00ABF22B /* Waltz-music-loop.mp3 */,
				13F15CED28C762BB00ABF22B /* cartoon-loop.mp3 */,
				13F15CE728C758A400ABF22B /* win.wav */,
				13F15CE428C754C600ABF22B /* lose.wav */,
				13F15CE128C750AA00ABF22B /* Game-over-loser.mp3 */,
				8877C38728C6896A00FA51A7 /* Arcade music.mp3 */,
			);
			path = Sounds;
			sourceTree = "<group>";
		};
/* End PBXGroup section */

/* Begin PBXNativeTarget section */
		13F5DFAE28B79DC900DE87E7 /* Blackjack (iOS) */ = {
			isa = PBXNativeTarget;
			buildConfigurationList = 13F5DFC028B79DC900DE87E7 /* Build configuration list for PBXNativeTarget "Blackjack (iOS)" */;
			buildPhases = (
				13F5DFAB28B79DC900DE87E7 /* Sources */,
				13F5DFAC28B79DC900DE87E7 /* Frameworks */,
				13F5DFAD28B79DC900DE87E7 /* Resources */,
			);
			buildRules = (
			);
			dependencies = (
			);
			name = "Blackjack (iOS)";
			productName = "Blackjack (iOS)";
			productReference = 13F5DFAF28B79DC900DE87E7 /* Blackjack.app */;
			productType = "com.apple.product-type.application";
		};
		13F5DFB428B79DC900DE87E7 /* Blackjack (macOS) */ = {
			isa = PBXNativeTarget;
			buildConfigurationList = 13F5DFC328B79DC900DE87E7 /* Build configuration list for PBXNativeTarget "Blackjack (macOS)" */;
			buildPhases = (
				13F5DFB128B79DC900DE87E7 /* Sources */,
				13F5DFB228B79DC900DE87E7 /* Frameworks */,
				13F5DFB328B79DC900DE87E7 /* Resources */,
			);
			buildRules = (
			);
			dependencies = (
			);
			name = "Blackjack (macOS)";
			productName = "Blackjack (macOS)";
			productReference = 13F5DFB528B79DC900DE87E7 /* Blackjack.app */;
			productType = "com.apple.product-type.application";
		};
/* End PBXNativeTarget section */

/* Begin PBXProject section */
		13F5DFA328B79DC700DE87E7 /* Project object */ = {
			isa = PBXProject;
			attributes = {
				BuildIndependentTargetsInParallel = 1;
				LastSwiftUpdateCheck = 1310;
				LastUpgradeCheck = 1310;
				TargetAttributes = {
					13F5DFAE28B79DC900DE87E7 = {
						CreatedOnToolsVersion = 13.1;
					};
					13F5DFB428B79DC900DE87E7 = {
						CreatedOnToolsVersion = 13.1;
					};
				};
			};
			buildConfigurationList = 13F5DFA628B79DC700DE87E7 /* Build configuration list for PBXProject "Blackjack" */;
			compatibilityVersion = "Xcode 13.0";
			developmentRegion = en;
			hasScannedForEncodings = 0;
			knownRegions = (
				en,
				Base,
			);
			mainGroup = 13F5DFA228B79DC700DE87E7;
			productRefGroup = 13F5DFB028B79DC900DE87E7 /* Products */;
			projectDirPath = "";
			projectRoot = "";
			targets = (
				13F5DFAE28B79DC900DE87E7 /* Blackjack (iOS) */,
				13F5DFB428B79DC900DE87E7 /* Blackjack (macOS) */,
			);
		};
/* End PBXProject section */

/* Begin PBXResourcesBuildPhase section */
		13F5DFAD28B79DC900DE87E7 /* Resources */ = {
			isa = PBXResourcesBuildPhase;
			buildActionMask = 2147483647;
			files = (
				13F15CDF28C74F5800ABF22B /* coins.wav in Resources */,
				13F15CD628C74A4000ABF22B /* Breakbeat-downtempo-electronic-loop.mp3 in Resources */,
				8877C38228C682BF00FA51A7 /* Card flip.mp3 in Resources */,
				13F15CEB28C7604E00ABF22B /* draw.mp3 in Resources */,
				13F15CE828C758A400ABF22B /* win.wav in Resources */,
				13F5DFBC28B79DC900DE87E7 /* Assets.xcassets in Resources */,
				13F15CD928C74AD200ABF22B /* Bossa-nova-beat-music-loop.mp3 in Resources */,
				13F15CEE28C762BB00ABF22B /* cartoon-loop.mp3 in Resources */,
				8877C38828C6896A00FA51A7 /* Arcade music.mp3 in Resources */,
				13F15CE528C754C600ABF22B /* lose.wav in Resources */,
				13F15CE228C750AA00ABF22B /* Game-over-loser.mp3 in Resources */,
				13F15CDC28C74DFE00ABF22B /* Waltz-music-loop.mp3 in Resources */,
			);
			runOnlyForDeploymentPostprocessing = 0;
		};
		13F5DFB328B79DC900DE87E7 /* Resources */ = {
			isa = PBXResourcesBuildPhase;
			buildActionMask = 2147483647;
			files = (
				13F15CE028C74F5800ABF22B /* coins.wav in Resources */,
				13F15CD728C74A4000ABF22B /* Breakbeat-downtempo-electronic-loop.mp3 in Resources */,
				8877C38328C682BF00FA51A7 /* Card flip.mp3 in Resources */,
				13F15CEC28C7604E00ABF22B /* draw.mp3 in Resources */,
				13F15CE928C758A400ABF22B /* win.wav in Resources */,
				13F5DFBD28B79DC900DE87E7 /* Assets.xcassets in Resources */,
				13F15CDA28C74AD200ABF22B /* Bossa-nova-beat-music-loop.mp3 in Resources */,
				13F15CEF28C762BB00ABF22B /* cartoon-loop.mp3 in Resources */,
				8877C38928C6896A00FA51A7 /* Arcade music.mp3 in Resources */,
				13F15CE628C754C600ABF22B /* lose.wav in Resources */,
				13F15CE328C750AA00ABF22B /* Game-over-loser.mp3 in Resources */,
				13F15CDD28C74DFE00ABF22B /* Waltz-music-loop.mp3 in Resources */,
			);
			runOnlyForDeploymentPostprocessing = 0;
		};
/* End PBXResourcesBuildPhase section */

/* Begin PBXSourcesBuildPhase section */
		13F5DFAB28B79DC900DE87E7 /* Sources */ = {
			isa = PBXSourcesBuildPhase;
			buildActionMask = 2147483647;
			files = (
				1365F95028BCF1500052A0CC /* ChipView.swift in Sources */,
				138C9D2528BB61910086E68F /* CardView.swift in Sources */,
				884BDB1E28BE1A1600C18DD9 /* RoundedButton.swift in Sources */,
				137BFF6728B8FE1000318493 /* HowToPlayView.swift in Sources */,
				13F5DFBA28B79DC900DE87E7 /* ContentView.swift in Sources */,
				13F5DFB828B79DC900DE87E7 /* BlackjackApp.swift in Sources */,
				13F5DFCB28B7B16300DE87E7 /* MainMenuView.swift in Sources */,
				8877C36928C513F000FA51A7 /* Utils.swift in Sources */,
				88F88DAA28C2ACF000C6B830 /* HighscoresView.swift in Sources */,
				13F5DFC928B7AD9100DE87E7 /* Modifiers.swift in Sources */,
				137BFF6528B8FD2700318493 /* GameView.swift in Sources */,
			);
			runOnlyForDeploymentPostprocessing = 0;
		};
		13F5DFB128B79DC900DE87E7 /* Sources */ = {
			isa = PBXSourcesBuildPhase;
			buildActionMask = 2147483647;
			files = (
				8877C37428C67AC900FA51A7 /* MainMenuView.swift in Sources */,
				8877C37C28C67AE600FA51A7 /* Modifiers.swift in Sources */,
				8877C37628C67ACE00FA51A7 /* HowToPlayView.swift in Sources */,
				13F5DFBB28B79DC900DE87E7 /* ContentView.swift in Sources */,
				8877C37928C67AD700FA51A7 /* RoundedButton.swift in Sources */,
				13D6AB6A28C76B4B00E93453 /* StackNavigationView.swift in Sources */,
				8877C37528C67ACB00FA51A7 /* GameView.swift in Sources */,
				8877C37B28C67AE300FA51A7 /* Utils.swift in Sources */,
				8877C37828C67AD400FA51A7 /* ChipView.swift in Sources */,
				8877C37728C67AD000FA51A7 /* CardView.swift in Sources */,
				8877C37A28C67ADA00FA51A7 /* HighscoresView.swift in Sources */,
				13F5DFB928B79DC900DE87E7 /* BlackjackApp.swift in Sources */,
			);
			runOnlyForDeploymentPostprocessing = 0;
		};
/* End PBXSourcesBuildPhase section */

/* Begin XCBuildConfiguration section */
		13F5DFBE28B79DC900DE87E7 /* Debug */ = {
			isa = XCBuildConfiguration;
			buildSettings = {
				ALWAYS_SEARCH_USER_PATHS = NO;
				CLANG_ANALYZER_NONNULL = YES;
				CLANG_ANALYZER_NUMBER_OBJECT_CONVERSION = YES_AGGRESSIVE;
				CLANG_CXX_LANGUAGE_STANDARD = "gnu++17";
				CLANG_CXX_LIBRARY = "libc++";
				CLANG_ENABLE_MODULES = YES;
				CLANG_ENABLE_OBJC_ARC = YES;
				CLANG_ENABLE_OBJC_WEAK = YES;
				CLANG_WARN_BLOCK_CAPTURE_AUTORELEASING = YES;
				CLANG_WARN_BOOL_CONVERSION = YES;
				CLANG_WARN_COMMA = YES;
				CLANG_WARN_CONSTANT_CONVERSION = YES;
				CLANG_WARN_DEPRECATED_OBJC_IMPLEMENTATIONS = YES;
				CLANG_WARN_DIRECT_OBJC_ISA_USAGE = YES_ERROR;
				CLANG_WARN_DOCUMENTATION_COMMENTS = YES;
				CLANG_WARN_EMPTY_BODY = YES;
				CLANG_WARN_ENUM_CONVERSION = YES;
				CLANG_WARN_INFINITE_RECURSION = YES;
				CLANG_WARN_INT_CONVERSION = YES;
				CLANG_WARN_NON_LITERAL_NULL_CONVERSION = YES;
				CLANG_WARN_OBJC_IMPLICIT_RETAIN_SELF = YES;
				CLANG_WARN_OBJC_LITERAL_CONVERSION = YES;
				CLANG_WARN_OBJC_ROOT_CLASS = YES_ERROR;
				CLANG_WARN_QUOTED_INCLUDE_IN_FRAMEWORK_HEADER = YES;
				CLANG_WARN_RANGE_LOOP_ANALYSIS = YES;
				CLANG_WARN_STRICT_PROTOTYPES = YES;
				CLANG_WARN_SUSPICIOUS_MOVE = YES;
				CLANG_WARN_UNGUARDED_AVAILABILITY = YES_AGGRESSIVE;
				CLANG_WARN_UNREACHABLE_CODE = YES;
				CLANG_WARN__DUPLICATE_METHOD_MATCH = YES;
				COPY_PHASE_STRIP = NO;
				DEBUG_INFORMATION_FORMAT = dwarf;
				ENABLE_STRICT_OBJC_MSGSEND = YES;
				ENABLE_TESTABILITY = YES;
				GCC_C_LANGUAGE_STANDARD = gnu11;
				GCC_DYNAMIC_NO_PIC = NO;
				GCC_NO_COMMON_BLOCKS = YES;
				GCC_OPTIMIZATION_LEVEL = 0;
				GCC_PREPROCESSOR_DEFINITIONS = (
					"DEBUG=1",
					"$(inherited)",
				);
				GCC_WARN_64_TO_32_BIT_CONVERSION = YES;
				GCC_WARN_ABOUT_RETURN_TYPE = YES_ERROR;
				GCC_WARN_UNDECLARED_SELECTOR = YES;
				GCC_WARN_UNINITIALIZED_AUTOS = YES_AGGRESSIVE;
				GCC_WARN_UNUSED_FUNCTION = YES;
				GCC_WARN_UNUSED_VARIABLE = YES;
				MTL_ENABLE_DEBUG_INFO = INCLUDE_SOURCE;
				MTL_FAST_MATH = YES;
				ONLY_ACTIVE_ARCH = YES;
				SWIFT_ACTIVE_COMPILATION_CONDITIONS = DEBUG;
				SWIFT_OPTIMIZATION_LEVEL = "-Onone";
			};
			name = Debug;
		};
		13F5DFBF28B79DC900DE87E7 /* Release */ = {
			isa = XCBuildConfiguration;
			buildSettings = {
				ALWAYS_SEARCH_USER_PATHS = NO;
				CLANG_ANALYZER_NONNULL = YES;
				CLANG_ANALYZER_NUMBER_OBJECT_CONVERSION = YES_AGGRESSIVE;
				CLANG_CXX_LANGUAGE_STANDARD = "gnu++17";
				CLANG_CXX_LIBRARY = "libc++";
				CLANG_ENABLE_MODULES = YES;
				CLANG_ENABLE_OBJC_ARC = YES;
				CLANG_ENABLE_OBJC_WEAK = YES;
				CLANG_WARN_BLOCK_CAPTURE_AUTORELEASING = YES;
				CLANG_WARN_BOOL_CONVERSION = YES;
				CLANG_WARN_COMMA = YES;
				CLANG_WARN_CONSTANT_CONVERSION = YES;
				CLANG_WARN_DEPRECATED_OBJC_IMPLEMENTATIONS = YES;
				CLANG_WARN_DIRECT_OBJC_ISA_USAGE = YES_ERROR;
				CLANG_WARN_DOCUMENTATION_COMMENTS = YES;
				CLANG_WARN_EMPTY_BODY = YES;
				CLANG_WARN_ENUM_CONVERSION = YES;
				CLANG_WARN_INFINITE_RECURSION = YES;
				CLANG_WARN_INT_CONVERSION = YES;
				CLANG_WARN_NON_LITERAL_NULL_CONVERSION = YES;
				CLANG_WARN_OBJC_IMPLICIT_RETAIN_SELF = YES;
				CLANG_WARN_OBJC_LITERAL_CONVERSION = YES;
				CLANG_WARN_OBJC_ROOT_CLASS = YES_ERROR;
				CLANG_WARN_QUOTED_INCLUDE_IN_FRAMEWORK_HEADER = YES;
				CLANG_WARN_RANGE_LOOP_ANALYSIS = YES;
				CLANG_WARN_STRICT_PROTOTYPES = YES;
				CLANG_WARN_SUSPICIOUS_MOVE = YES;
				CLANG_WARN_UNGUARDED_AVAILABILITY = YES_AGGRESSIVE;
				CLANG_WARN_UNREACHABLE_CODE = YES;
				CLANG_WARN__DUPLICATE_METHOD_MATCH = YES;
				COPY_PHASE_STRIP = NO;
				DEBUG_INFORMATION_FORMAT = "dwarf-with-dsym";
				ENABLE_NS_ASSERTIONS = NO;
				ENABLE_STRICT_OBJC_MSGSEND = YES;
				GCC_C_LANGUAGE_STANDARD = gnu11;
				GCC_NO_COMMON_BLOCKS = YES;
				GCC_WARN_64_TO_32_BIT_CONVERSION = YES;
				GCC_WARN_ABOUT_RETURN_TYPE = YES_ERROR;
				GCC_WARN_UNDECLARED_SELECTOR = YES;
				GCC_WARN_UNINITIALIZED_AUTOS = YES_AGGRESSIVE;
				GCC_WARN_UNUSED_FUNCTION = YES;
				GCC_WARN_UNUSED_VARIABLE = YES;
				MTL_ENABLE_DEBUG_INFO = NO;
				MTL_FAST_MATH = YES;
				SWIFT_COMPILATION_MODE = wholemodule;
				SWIFT_OPTIMIZATION_LEVEL = "-O";
			};
			name = Release;
		};
		13F5DFC128B79DC900DE87E7 /* Debug */ = {
			isa = XCBuildConfiguration;
			buildSettings = {
				ASSETCATALOG_COMPILER_APPICON_NAME = AppIcon;
				ASSETCATALOG_COMPILER_GLOBAL_ACCENT_COLOR_NAME = AccentColor;
				CODE_SIGN_STYLE = Automatic;
				CURRENT_PROJECT_VERSION = 1;
				ENABLE_PREVIEWS = YES;
				GENERATE_INFOPLIST_FILE = YES;
				INFOPLIST_KEY_UIApplicationSceneManifest_Generation = YES;
				INFOPLIST_KEY_UIApplicationSupportsIndirectInputEvents = YES;
				INFOPLIST_KEY_UILaunchScreen_Generation = YES;
				INFOPLIST_KEY_UISupportedInterfaceOrientations_iPad = "UIInterfaceOrientationPortrait UIInterfaceOrientationPortraitUpsideDown UIInterfaceOrientationLandscapeLeft UIInterfaceOrientationLandscapeRight";
				INFOPLIST_KEY_UISupportedInterfaceOrientations_iPhone = "UIInterfaceOrientationPortrait UIInterfaceOrientationLandscapeLeft UIInterfaceOrientationLandscapeRight";
				IPHONEOS_DEPLOYMENT_TARGET = 15.0;
				LD_RUNPATH_SEARCH_PATHS = (
					"$(inherited)",
					"@executable_path/Frameworks",
				);
				MARKETING_VERSION = 1.0;
				PRODUCT_BUNDLE_IDENTIFIER = vn.edu.rmit.Blackjack;
				PRODUCT_NAME = Blackjack;
				SDKROOT = iphoneos;
				SWIFT_EMIT_LOC_STRINGS = YES;
				SWIFT_VERSION = 5.0;
				TARGETED_DEVICE_FAMILY = "1,2";
			};
			name = Debug;
		};
		13F5DFC228B79DC900DE87E7 /* Release */ = {
			isa = XCBuildConfiguration;
			buildSettings = {
				ASSETCATALOG_COMPILER_APPICON_NAME = AppIcon;
				ASSETCATALOG_COMPILER_GLOBAL_ACCENT_COLOR_NAME = AccentColor;
				CODE_SIGN_STYLE = Automatic;
				CURRENT_PROJECT_VERSION = 1;
				ENABLE_PREVIEWS = YES;
				GENERATE_INFOPLIST_FILE = YES;
				INFOPLIST_KEY_UIApplicationSceneManifest_Generation = YES;
				INFOPLIST_KEY_UIApplicationSupportsIndirectInputEvents = YES;
				INFOPLIST_KEY_UILaunchScreen_Generation = YES;
				INFOPLIST_KEY_UISupportedInterfaceOrientations_iPad = "UIInterfaceOrientationPortrait UIInterfaceOrientationPortraitUpsideDown UIInterfaceOrientationLandscapeLeft UIInterfaceOrientationLandscapeRight";
				INFOPLIST_KEY_UISupportedInterfaceOrientations_iPhone = "UIInterfaceOrientationPortrait UIInterfaceOrientationLandscapeLeft UIInterfaceOrientationLandscapeRight";
				IPHONEOS_DEPLOYMENT_TARGET = 15.0;
				LD_RUNPATH_SEARCH_PATHS = (
					"$(inherited)",
					"@executable_path/Frameworks",
				);
				MARKETING_VERSION = 1.0;
				PRODUCT_BUNDLE_IDENTIFIER = vn.edu.rmit.Blackjack;
				PRODUCT_NAME = Blackjack;
				SDKROOT = iphoneos;
				SWIFT_EMIT_LOC_STRINGS = YES;
				SWIFT_VERSION = 5.0;
				TARGETED_DEVICE_FAMILY = "1,2";
				VALIDATE_PRODUCT = YES;
			};
			name = Release;
		};
		13F5DFC428B79DC900DE87E7 /* Debug */ = {
			isa = XCBuildConfiguration;
			buildSettings = {
				ASSETCATALOG_COMPILER_APPICON_NAME = AppIcon;
				ASSETCATALOG_COMPILER_GLOBAL_ACCENT_COLOR_NAME = AccentColor;
				CODE_SIGN_ENTITLEMENTS = macOS/macOS.entitlements;
				CODE_SIGN_STYLE = Automatic;
				COMBINE_HIDPI_IMAGES = YES;
				CURRENT_PROJECT_VERSION = 1;
				ENABLE_PREVIEWS = YES;
				GENERATE_INFOPLIST_FILE = YES;
				INFOPLIST_KEY_NSHumanReadableCopyright = "";
				LD_RUNPATH_SEARCH_PATHS = (
					"$(inherited)",
					"@executable_path/../Frameworks",
				);
				MACOSX_DEPLOYMENT_TARGET = 12.0;
				MARKETING_VERSION = 1.0;
				PRODUCT_BUNDLE_IDENTIFIER = vn.edu.rmit.Blackjack;
				PRODUCT_NAME = Blackjack;
				SDKROOT = macosx;
				SWIFT_EMIT_LOC_STRINGS = YES;
				SWIFT_VERSION = 5.0;
			};
			name = Debug;
		};
		13F5DFC528B79DC900DE87E7 /* Release */ = {
			isa = XCBuildConfiguration;
			buildSettings = {
				ASSETCATALOG_COMPILER_APPICON_NAME = AppIcon;
				ASSETCATALOG_COMPILER_GLOBAL_ACCENT_COLOR_NAME = AccentColor;
				CODE_SIGN_ENTITLEMENTS = macOS/macOS.entitlements;
				CODE_SIGN_STYLE = Automatic;
				COMBINE_HIDPI_IMAGES = YES;
				CURRENT_PROJECT_VERSION = 1;
				ENABLE_PREVIEWS = YES;
				GENERATE_INFOPLIST_FILE = YES;
				INFOPLIST_KEY_NSHumanReadableCopyright = "";
				LD_RUNPATH_SEARCH_PATHS = (
					"$(inherited)",
					"@executable_path/../Frameworks",
				);
				MACOSX_DEPLOYMENT_TARGET = 12.0;
				MARKETING_VERSION = 1.0;
				PRODUCT_BUNDLE_IDENTIFIER = vn.edu.rmit.Blackjack;
				PRODUCT_NAME = Blackjack;
				SDKROOT = macosx;
				SWIFT_EMIT_LOC_STRINGS = YES;
				SWIFT_VERSION = 5.0;
			};
			name = Release;
		};
/* End XCBuildConfiguration section */

/* Begin XCConfigurationList section */
		13F5DFA628B79DC700DE87E7 /* Build configuration list for PBXProject "Blackjack" */ = {
			isa = XCConfigurationList;
			buildConfigurations = (
				13F5DFBE28B79DC900DE87E7 /* Debug */,
				13F5DFBF28B79DC900DE87E7 /* Release */,
			);
			defaultConfigurationIsVisible = 0;
			defaultConfigurationName = Release;
		};
		13F5DFC028B79DC900DE87E7 /* Build configuration list for PBXNativeTarget "Blackjack (iOS)" */ = {
			isa = XCConfigurationList;
			buildConfigurations = (
				13F5DFC128B79DC900DE87E7 /* Debug */,
				13F5DFC228B79DC900DE87E7 /* Release */,
			);
			defaultConfigurationIsVisible = 0;
			defaultConfigurationName = Release;
		};
		13F5DFC328B79DC900DE87E7 /* Build configuration list for PBXNativeTarget "Blackjack (macOS)" */ = {
			isa = XCConfigurationList;
			buildConfigurations = (
				13F5DFC428B79DC900DE87E7 /* Debug */,
				13F5DFC528B79DC900DE87E7 /* Release */,
			);
			defaultConfigurationIsVisible = 0;
			defaultConfigurationName = Release;
		};
/* End XCConfigurationList section */
	};
	rootObject = 13F5DFA328B79DC700DE87E7 /* Project object */;
}
